
Microsoft Visual Studio Solution File, Format Version 12.00
# Visual Studio Version 16
VisualStudioVersion = 16.0.31829.152
MinimumVisualStudioVersion = 10.0.40219.1
Project("{FAE04EC0-301F-11D3-BF4B-00C04F79EFBC}") = "FinalProject", "FinalProject\FinalProject.csproj", "{FBF54619-CE41-4A90-A8E1-FF9B1C39190A}"
EndProject
Global
	GlobalSection(SolutionConfigurationPlatforms) = preSolution
		Debug|Any CPU = Debug|Any CPU
		Release|Any CPU = Release|Any CPU
	EndGlobalSection
	GlobalSection(ProjectConfigurationPlatforms) = postSolution
		{FBF54619-CE41-4A90-A8E1-FF9B1C39190A}.Debug|Any CPU.ActiveCfg = Debug|Any CPU
		{FBF54619-CE41-4A90-A8E1-FF9B1C39190A}.Debug|Any CPU.Build.0 = Debug|Any CPU
		{FBF54619-CE41-4A90-A8E1-FF9B1C39190A}.Release|Any CPU.ActiveCfg = Release|Any CPU
		{FBF54619-CE41-4A90-A8E1-FF9B1C39190A}.Release|Any CPU.Build.0 = Release|Any CPU
	EndGlobalSection
	GlobalSection(SolutionProperties) = preSolution
		HideSolutionNode = FALSE
	EndGlobalSection
	GlobalSection(ExtensibilityGlobals) = postSolution
		SolutionGuid = {69BC6BC5-600C-4564-A5F3-DA9DEA7D8238}
	EndGlobalSection
EndGlobal
